
Microsoft Visual Studio Solution File, Format Version 12.00
# Visual Studio Version 17
VisualStudioVersion = 17.8.34309.116
MinimumVisualStudioVersion = 10.0.40219.1
Project("{FAE04EC0-301F-11D3-BF4B-00C04F79EFBC}") = "AdventOfCode2023", "AdventOfCode2023\AdventOfCode2023.csproj", "{C79FACB1-1338-4778-8CDD-547EDB6755F0}"
EndProject
Global
	GlobalSection(SolutionConfigurationPlatforms) = preSolution
		Debug|Any CPU = Debug|Any CPU
		Release|Any CPU = Release|Any CPU
	EndGlobalSection
	GlobalSection(ProjectConfigurationPlatforms) = postSolution
		{C79FACB1-1338-4778-8CDD-547EDB6755F0}.Debug|Any CPU.ActiveCfg = Debug|Any CPU
		{C79FACB1-1338-4778-8CDD-547EDB6755F0}.Debug|Any CPU.Build.0 = Debug|Any CPU
		{C79FACB1-1338-4778-8CDD-547EDB6755F0}.Release|Any CPU.ActiveCfg = Release|Any CPU
		{C79FACB1-1338-4778-8CDD-547EDB6755F0}.Release|Any CPU.Build.0 = Release|Any CPU
	EndGlobalSection
	GlobalSection(SolutionProperties) = preSolution
		HideSolutionNode = FALSE
	EndGlobalSection
	GlobalSection(ExtensibilityGlobals) = postSolution
		SolutionGuid = {98C123CC-D9FF-4EBE-8695-56DE0DFA565E}
	EndGlobalSection
EndGlobal
